// !$*UTF8*$!
{
	archiveVersion = 1;
	classes = {
	};
	objectVersion = 46;
	objects = {

/* Begin PBXBuildFile section */
		2D02237019995BA1004E598D /* Foundation.framework in Frameworks */ = {isa = PBXBuildFile; fileRef = 2D02236F19995BA1004E598D /* Foundation.framework */; };
		2D02237219995BA1004E598D /* CoreGraphics.framework in Frameworks */ = {isa = PBXBuildFile; fileRef = 2D02237119995BA1004E598D /* CoreGraphics.framework */; };
		2D02237419995BA1004E598D /* UIKit.framework in Frameworks */ = {isa = PBXBuildFile; fileRef = 2D02237319995BA1004E598D /* UIKit.framework */; };
		2D02237A19995BA1004E598D /* InfoPlist.strings in Resources */ = {isa = PBXBuildFile; fileRef = 2D02237819995BA1004E598D /* InfoPlist.strings */; };
		2D02237C19995BA1004E598D /* main.m in Sources */ = {isa = PBXBuildFile; fileRef = 2D02237B19995BA1004E598D /* main.m */; };
		2D02238019995BA1004E598D /* AppDelegate.m in Sources */ = {isa = PBXBuildFile; fileRef = 2D02237F19995BA1004E598D /* AppDelegate.m */; };
		2D02238319995BA1004E598D /* Main_iPhone.storyboard in Resources */ = {isa = PBXBuildFile; fileRef = 2D02238119995BA1004E598D /* Main_iPhone.storyboard */; };
		2D02238619995BA1004E598D /* Main_iPad.storyboard in Resources */ = {isa = PBXBuildFile; fileRef = 2D02238419995BA1004E598D /* Main_iPad.storyboard */; };
		2D02238919995BA1004E598D /* AddItemViewController.m in Sources */ = {isa = PBXBuildFile; fileRef = 2D02238819995BA1004E598D /* AddItemViewController.m */; };
		2D02238B19995BA1004E598D /* Images.xcassets in Resources */ = {isa = PBXBuildFile; fileRef = 2D02238A19995BA1004E598D /* Images.xcassets */; };
		2D02239219995BA1004E598D /* XCTest.framework in Frameworks */ = {isa = PBXBuildFile; fileRef = 2D02239119995BA1004E598D /* XCTest.framework */; };
		2D02239319995BA1004E598D /* Foundation.framework in Frameworks */ = {isa = PBXBuildFile; fileRef = 2D02236F19995BA1004E598D /* Foundation.framework */; };
		2D02239419995BA1004E598D /* UIKit.framework in Frameworks */ = {isa = PBXBuildFile; fileRef = 2D02237319995BA1004E598D /* UIKit.framework */; };
		2D02239C19995BA1004E598D /* InfoPlist.strings in Resources */ = {isa = PBXBuildFile; fileRef = 2D02239A19995BA1004E598D /* InfoPlist.strings */; };
		2D02239E19995BA1004E598D /* ToDoListTests.m in Sources */ = {isa = PBXBuildFile; fileRef = 2D02239D19995BA1004E598D /* ToDoListTests.m */; };
		2D0223A919995BDD004E598D /* Item.m in Sources */ = {isa = PBXBuildFile; fileRef = 2D0223A819995BDD004E598D /* Item.m */; };
		2D0223AD19995E32004E598D /* ToDoListViewController.m in Sources */ = {isa = PBXBuildFile; fileRef = 2D0223AC19995E32004E598D /* ToDoListViewController.m */; };
/* End PBXBuildFile section */

/* Begin PBXContainerItemProxy section */
		2D02239519995BA1004E598D /* PBXContainerItemProxy */ = {
			isa = PBXContainerItemProxy;
			containerPortal = 2D02236419995BA1004E598D /* Project object */;
			proxyType = 1;
			remoteGlobalIDString = 2D02236B19995BA1004E598D;
			remoteInfo = ToDoList;
		};
/* End PBXContainerItemProxy section */

/* Begin PBXFileReference section */
		2D02236C19995BA1004E598D /* ToDoList.app */ = {isa = PBXFileReference; explicitFileType = wrapper.application; includeInIndex = 0; path = ToDoList.app; sourceTree = BUILT_PRODUCTS_DIR; };
		2D02236F19995BA1004E598D /* Foundation.framework */ = {isa = PBXFileReference; lastKnownFileType = wrapper.framework; name = Foundation.framework; path = System/Library/Frameworks/Foundation.framework; sourceTree = SDKROOT; };
		2D02237119995BA1004E598D /* CoreGraphics.framework */ = {isa = PBXFileReference; lastKnownFileType = wrapper.framework; name = CoreGraphics.framework; path = System/Library/Frameworks/CoreGraphics.framework; sourceTree = SDKROOT; };
		2D02237319995BA1004E598D /* UIKit.framework */ = {isa = PBXFileReference; lastKnownFileType = wrapper.framework; name = UIKit.framework; path = System/Library/Frameworks/UIKit.framework; sourceTree = SDKROOT; };
		2D02237719995BA1004E598D /* ToDoList-Info.plist */ = {isa = PBXFileReference; lastKnownFileType = text.plist.xml; path = "ToDoList-Info.plist"; sourceTree = "<group>"; };
		2D02237919995BA1004E598D /* en */ = {isa = PBXFileReference; lastKnownFileType = text.plist.strings; name = en; path = en.lproj/InfoPlist.strings; sourceTree = "<group>"; };
		2D02237B19995BA1004E598D /* main.m */ = {isa = PBXFileReference; lastKnownFileType = sourcecode.c.objc; path = main.m; sourceTree = "<group>"; };
		2D02237D19995BA1004E598D /* ToDoList-Prefix.pch */ = {isa = PBXFileReference; lastKnownFileType = sourcecode.c.h; path = "ToDoList-Prefix.pch"; sourceTree = "<group>"; };
		2D02237E19995BA1004E598D /* AppDelegate.h */ = {isa = PBXFileReference; lastKnownFileType = sourcecode.c.h; path = AppDelegate.h; sourceTree = "<group>"; };
		2D02237F19995BA1004E598D /* AppDelegate.m */ = {isa = PBXFileReference; lastKnownFileType = sourcecode.c.objc; path = AppDelegate.m; sourceTree = "<group>"; };
		2D02238219995BA1004E598D /* Base */ = {isa = PBXFileReference; lastKnownFileType = file.storyboard; name = Base; path = Base.lproj/Main_iPhone.storyboard; sourceTree = "<group>"; };
		2D02238519995BA1004E598D /* Base */ = {isa = PBXFileReference; lastKnownFileType = file.storyboard; name = Base; path = Base.lproj/Main_iPad.storyboard; sourceTree = "<group>"; };
		2D02238719995BA1004E598D /* AddItemViewController.h */ = {isa = PBXFileReference; lastKnownFileType = sourcecode.c.h; path = AddItemViewController.h; sourceTree = "<group>"; };
		2D02238819995BA1004E598D /* AddItemViewController.m */ = {isa = PBXFileReference; lastKnownFileType = sourcecode.c.objc; path = AddItemViewController.m; sourceTree = "<group>"; };
		2D02238A19995BA1004E598D /* Images.xcassets */ = {isa = PBXFileReference; lastKnownFileType = folder.assetcatalog; path = Images.xcassets; sourceTree = "<group>"; };
		2D02239019995BA1004E598D /* ToDoListTests.xctest */ = {isa = PBXFileReference; explicitFileType = wrapper.cfbundle; includeInIndex = 0; path = ToDoListTests.xctest; sourceTree = BUILT_PRODUCTS_DIR; };
		2D02239119995BA1004E598D /* XCTest.framework */ = {isa = PBXFileReference; lastKnownFileType = wrapper.framework; name = XCTest.framework; path = Library/Frameworks/XCTest.framework; sourceTree = DEVELOPER_DIR; };
		2D02239919995BA1004E598D /* ToDoListTests-Info.plist */ = {isa = PBXFileReference; lastKnownFileType = text.plist.xml; path = "ToDoListTests-Info.plist"; sourceTree = "<group>"; };
		2D02239B19995BA1004E598D /* en */ = {isa = PBXFileReference; lastKnownFileType = text.plist.strings; name = en; path = en.lproj/InfoPlist.strings; sourceTree = "<group>"; };
		2D02239D19995BA1004E598D /* ToDoListTests.m */ = {isa = PBXFileReference; lastKnownFileType = sourcecode.c.objc; path = ToDoListTests.m; sourceTree = "<group>"; };
		2D0223A719995BDD004E598D /* Item.h */ = {isa = PBXFileReference; fileEncoding = 4; lastKnownFileType = sourcecode.c.h; path = Item.h; sourceTree = "<group>"; };
		2D0223A819995BDD004E598D /* Item.m */ = {isa = PBXFileReference; fileEncoding = 4; lastKnownFileType = sourcecode.c.objc; path = Item.m; sourceTree = "<group>"; };
		2D0223AB19995E32004E598D /* ToDoListViewController.h */ = {isa = PBXFileReference; fileEncoding = 4; lastKnownFileType = sourcecode.c.h; path = ToDoListViewController.h; sourceTree = "<group>"; };
		2D0223AC19995E32004E598D /* ToDoListViewController.m */ = {isa = PBXFileReference; fileEncoding = 4; lastKnownFileType = sourcecode.c.objc; path = ToDoListViewController.m; sourceTree = "<group>"; };
/* End PBXFileReference section */

/* Begin PBXFrameworksBuildPhase section */
		2D02236919995BA1004E598D /* Frameworks */ = {
			isa = PBXFrameworksBuildPhase;
			buildActionMask = 2147483647;
			files = (
				2D02237219995BA1004E598D /* CoreGraphics.framework in Frameworks */,
				2D02237419995BA1004E598D /* UIKit.framework in Frameworks */,
				2D02237019995BA1004E598D /* Foundation.framework in Frameworks */,
			);
			runOnlyForDeploymentPostprocessing = 0;
		};
		2D02238D19995BA1004E598D /* Frameworks */ = {
			isa = PBXFrameworksBuildPhase;
			buildActionMask = 2147483647;
			files = (
				2D02239219995BA1004E598D /* XCTest.framework in Frameworks */,
				2D02239419995BA1004E598D /* UIKit.framework in Frameworks */,
				2D02239319995BA1004E598D /* Foundation.framework in Frameworks */,
			);
			runOnlyForDeploymentPostprocessing = 0;
		};
/* End PBXFrameworksBuildPhase section */

/* Begin PBXGroup section */
		2D02236319995BA1004E598D = {
			isa = PBXGroup;
			children = (
				2D02237519995BA1004E598D /* ToDoList */,
				2D02239719995BA1004E598D /* ToDoListTests */,
				2D02236E19995BA1004E598D /* Frameworks */,
				2D02236D19995BA1004E598D /* Products */,
			);
			sourceTree = "<group>";
		};
		2D02236D19995BA1004E598D /* Products */ = {
			isa = PBXGroup;
			children = (
				2D02236C19995BA1004E598D /* ToDoList.app */,
				2D02239019995BA1004E598D /* ToDoListTests.xctest */,
			);
			name = Products;
			sourceTree = "<group>";
		};
		2D02236E19995BA1004E598D /* Frameworks */ = {
			isa = PBXGroup;
			children = (
				2D02236F19995BA1004E598D /* Foundation.framework */,
				2D02237119995BA1004E598D /* CoreGraphics.framework */,
				2D02237319995BA1004E598D /* UIKit.framework */,
				2D02239119995BA1004E598D /* XCTest.framework */,
			);
			name = Frameworks;
			sourceTree = "<group>";
		};
		2D02237519995BA1004E598D /* ToDoList */ = {
			isa = PBXGroup;
			children = (
				2D0223AA19995DC2004E598D /* Model */,
				2D0223AB19995E32004E598D /* ToDoListViewController.h */,
				2D0223AC19995E32004E598D /* ToDoListViewController.m */,
				2D02237E19995BA1004E598D /* AppDelegate.h */,
				2D02237F19995BA1004E598D /* AppDelegate.m */,
				2D02238119995BA1004E598D /* Main_iPhone.storyboard */,
				2D02238419995BA1004E598D /* Main_iPad.storyboard */,
				2D02238719995BA1004E598D /* AddItemViewController.h */,
				2D02238819995BA1004E598D /* AddItemViewController.m */,
				2D02238A19995BA1004E598D /* Images.xcassets */,
				2D02237619995BA1004E598D /* Supporting Files */,
			);
			path = ToDoList;
			sourceTree = "<group>";
		};
		2D02237619995BA1004E598D /* Supporting Files */ = {
			isa = PBXGroup;
			children = (
				2D02237719995BA1004E598D /* ToDoList-Info.plist */,
				2D02237819995BA1004E598D /* InfoPlist.strings */,
				2D02237B19995BA1004E598D /* main.m */,
				2D02237D19995BA1004E598D /* ToDoList-Prefix.pch */,
			);
			name = "Supporting Files";
			sourceTree = "<group>";
		};
		2D02239719995BA1004E598D /* ToDoListTests */ = {
			isa = PBXGroup;
			children = (
				2D02239D19995BA1004E598D /* ToDoListTests.m */,
				2D02239819995BA1004E598D /* Supporting Files */,
			);
			path = ToDoListTests;
			sourceTree = "<group>";
		};
		2D02239819995BA1004E598D /* Supporting Files */ = {
			isa = PBXGroup;
			children = (
				2D02239919995BA1004E598D /* ToDoListTests-Info.plist */,
				2D02239A19995BA1004E598D /* InfoPlist.strings */,
			);
			name = "Supporting Files";
			sourceTree = "<group>";
		};
		2D0223AA19995DC2004E598D /* Model */ = {
			isa = PBXGroup;
			children = (
				2D0223A719995BDD004E598D /* Item.h */,
				2D0223A819995BDD004E598D /* Item.m */,
			);
			name = Model;
			sourceTree = "<group>";
		};
/* End PBXGroup section */

/* Begin PBXNativeTarget section */
		2D02236B19995BA1004E598D /* ToDoList */ = {
			isa = PBXNativeTarget;
			buildConfigurationList = 2D0223A119995BA1004E598D /* Build configuration list for PBXNativeTarget "ToDoList" */;
			buildPhases = (
				2D02236819995BA1004E598D /* Sources */,
				2D02236919995BA1004E598D /* Frameworks */,
				2D02236A19995BA1004E598D /* Resources */,
			);
			buildRules = (
			);
			dependencies = (
			);
			name = ToDoList;
			productName = ToDoList;
			productReference = 2D02236C19995BA1004E598D /* ToDoList.app */;
			productType = "com.apple.product-type.application";
		};
		2D02238F19995BA1004E598D /* ToDoListTests */ = {
			isa = PBXNativeTarget;
			buildConfigurationList = 2D0223A419995BA1004E598D /* Build configuration list for PBXNativeTarget "ToDoListTests" */;
			buildPhases = (
				2D02238C19995BA1004E598D /* Sources */,
				2D02238D19995BA1004E598D /* Frameworks */,
				2D02238E19995BA1004E598D /* Resources */,
			);
			buildRules = (
			);
			dependencies = (
				2D02239619995BA1004E598D /* PBXTargetDependency */,
			);
			name = ToDoListTests;
			productName = ToDoListTests;
			productReference = 2D02239019995BA1004E598D /* ToDoListTests.xctest */;
			productType = "com.apple.product-type.bundle.unit-test";
		};
/* End PBXNativeTarget section */

/* Begin PBXProject section */
		2D02236419995BA1004E598D /* Project object */ = {
			isa = PBXProject;
			attributes = {
				LastUpgradeCheck = 0510;
				ORGANIZATIONNAME = Xiaoping;
				TargetAttributes = {
					2D02238F19995BA1004E598D = {
						TestTargetID = 2D02236B19995BA1004E598D;
					};
				};
			};
			buildConfigurationList = 2D02236719995BA1004E598D /* Build configuration list for PBXProject "ToDoList" */;
			compatibilityVersion = "Xcode 3.2";
			developmentRegion = English;
			hasScannedForEncodings = 0;
			knownRegions = (
				en,
				Base,
			);
			mainGroup = 2D02236319995BA1004E598D;
			productRefGroup = 2D02236D19995BA1004E598D /* Products */;
			projectDirPath = "";
			projectRoot = "";
			targets = (
				2D02236B19995BA1004E598D /* ToDoList */,
				2D02238F19995BA1004E598D /* ToDoListTests */,
			);
		};
/* End PBXProject section */

/* Begin PBXResourcesBuildPhase section */
		2D02236A19995BA1004E598D /* Resources */ = {
			isa = PBXResourcesBuildPhase;
			buildActionMask = 2147483647;
			files = (
				2D02238619995BA1004E598D /* Main_iPad.storyboard in Resources */,
				2D02238B19995BA1004E598D /* Images.xcassets in Resources */,
				2D02238319995BA1004E598D /* Main_iPhone.storyboard in Resources */,
				2D02237A19995BA1004E598D /* InfoPlist.strings in Resources */,
			);
			runOnlyForDeploymentPostprocessing = 0;
		};
		2D02238E19995BA1004E598D /* Resources */ = {
			isa = PBXResourcesBuildPhase;
			buildActionMask = 2147483647;
			files = (
				2D02239C19995BA1004E598D /* InfoPlist.strings in Resources */,
			);
			runOnlyForDeploymentPostprocessing = 0;
		};
/* End PBXResourcesBuildPhase section */

/* Begin PBXSourcesBuildPhase section */
		2D02236819995BA1004E598D /* Sources */ = {
			isa = PBXSourcesBuildPhase;
			buildActionMask = 2147483647;
			files = (
				2D0223A919995BDD004E598D /* Item.m in Sources */,
				2D0223AD19995E32004E598D /* ToDoListViewController.m in Sources */,
				2D02238919995BA1004E598D /* AddItemViewController.m in Sources */,
				2D02238019995BA1004E598D /* AppDelegate.m in Sources */,
				2D02237C19995BA1004E598D /* main.m in Sources */,
			);
			runOnlyForDeploymentPostprocessing = 0;
		};
		2D02238C19995BA1004E598D /* Sources */ = {
			isa = PBXSourcesBuildPhase;
			buildActionMask = 2147483647;
			files = (
				2D02239E19995BA1004E598D /* ToDoListTests.m in Sources */,
			);
			runOnlyForDeploymentPostprocessing = 0;
		};
/* End PBXSourcesBuildPhase section */

/* Begin PBXTargetDependency section */
		2D02239619995BA1004E598D /* PBXTargetDependency */ = {
			isa = PBXTargetDependency;
			target = 2D02236B19995BA1004E598D /* ToDoList */;
			targetProxy = 2D02239519995BA1004E598D /* PBXContainerItemProxy */;
		};
/* End PBXTargetDependency section */

/* Begin PBXVariantGroup section */
		2D02237819995BA1004E598D /* InfoPlist.strings */ = {
			isa = PBXVariantGroup;
			children = (
				2D02237919995BA1004E598D /* en */,
			);
			name = InfoPlist.strings;
			sourceTree = "<group>";
		};
		2D02238119995BA1004E598D /* Main_iPhone.storyboard */ = {
			isa = PBXVariantGroup;
			children = (
				2D02238219995BA1004E598D /* Base */,
			);
			name = Main_iPhone.storyboard;
			sourceTree = "<group>";
		};
		2D02238419995BA1004E598D /* Main_iPad.storyboard */ = {
			isa = PBXVariantGroup;
			children = (
				2D02238519995BA1004E598D /* Base */,
			);
			name = Main_iPad.storyboard;
			sourceTree = "<group>";
		};
		2D02239A19995BA1004E598D /* InfoPlist.strings */ = {
			isa = PBXVariantGroup;
			children = (
				2D02239B19995BA1004E598D /* en */,
			);
			name = InfoPlist.strings;
			sourceTree = "<group>";
		};
/* End PBXVariantGroup section */

/* Begin XCBuildConfiguration section */
		2D02239F19995BA1004E598D /* Debug */ = {
			isa = XCBuildConfiguration;
			buildSettings = {
				ALWAYS_SEARCH_USER_PATHS = NO;
				CLANG_CXX_LANGUAGE_STANDARD = "gnu++0x";
				CLANG_CXX_LIBRARY = "libc++";
				CLANG_ENABLE_MODULES = YES;
				CLANG_ENABLE_OBJC_ARC = YES;
				CLANG_WARN_BOOL_CONVERSION = YES;
				CLANG_WARN_CONSTANT_CONVERSION = YES;
				CLANG_WARN_DIRECT_OBJC_ISA_USAGE = YES_ERROR;
				CLANG_WARN_EMPTY_BODY = YES;
				CLANG_WARN_ENUM_CONVERSION = YES;
				CLANG_WARN_INT_CONVERSION = YES;
				CLANG_WARN_OBJC_ROOT_CLASS = YES_ERROR;
				CLANG_WARN__DUPLICATE_METHOD_MATCH = YES;
				"CODE_SIGN_IDENTITY[sdk=iphoneos*]" = "iPhone Developer";
				COPY_PHASE_STRIP = NO;
				GCC_C_LANGUAGE_STANDARD = gnu99;
				GCC_DYNAMIC_NO_PIC = NO;
				GCC_OPTIMIZATION_LEVEL = 0;
				GCC_PREPROCESSOR_DEFINITIONS = (
					"DEBUG=1",
					"$(inherited)",
				);
				GCC_SYMBOLS_PRIVATE_EXTERN = NO;
				GCC_WARN_64_TO_32_BIT_CONVERSION = YES;
				GCC_WARN_ABOUT_RETURN_TYPE = YES_ERROR;
				GCC_WARN_UNDECLARED_SELECTOR = YES;
				GCC_WARN_UNINITIALIZED_AUTOS = YES_AGGRESSIVE;
				GCC_WARN_UNUSED_FUNCTION = YES;
				GCC_WARN_UNUSED_VARIABLE = YES;
				IPHONEOS_DEPLOYMENT_TARGET = 7.1;
				ONLY_ACTIVE_ARCH = YES;
				SDKROOT = iphoneos;
				TARGETED_DEVICE_FAMILY = "1,2";
			};
			name = Debug;
		};
		2D0223A019995BA1004E598D /* Release */ = {
			isa = XCBuildConfiguration;
			buildSettings = {
				ALWAYS_SEARCH_USER_PATHS = NO;
				CLANG_CXX_LANGUAGE_STANDARD = "gnu++0x";
				CLANG_CXX_LIBRARY = "libc++";
				CLANG_ENABLE_MODULES = YES;
				CLANG_ENABLE_OBJC_ARC = YES;
				CLANG_WARN_BOOL_CONVERSION = YES;
				CLANG_WARN_CONSTANT_CONVERSION = YES;
				CLANG_WARN_DIRECT_OBJC_ISA_USAGE = YES_ERROR;
				CLANG_WARN_EMPTY_BODY = YES;
				CLANG_WARN_ENUM_CONVERSION = YES;
				CLANG_WARN_INT_CONVERSION = YES;
				CLANG_WARN_OBJC_ROOT_CLASS = YES_ERROR;
				CLANG_WARN__DUPLICATE_METHOD_MATCH = YES;
				"CODE_SIGN_IDENTITY[sdk=iphoneos*]" = "iPhone Developer";
				COPY_PHASE_STRIP = YES;
				ENABLE_NS_ASSERTIONS = NO;
				GCC_C_LANGUAGE_STANDARD = gnu99;
				GCC_WARN_64_TO_32_BIT_CONVERSION = YES;
				GCC_WARN_ABOUT_RETURN_TYPE = YES_ERROR;
				GCC_WARN_UNDECLARED_SELECTOR = YES;
				GCC_WARN_UNINITIALIZED_AUTOS = YES_AGGRESSIVE;
				GCC_WARN_UNUSED_FUNCTION = YES;
				GCC_WARN_UNUSED_VARIABLE = YES;
				IPHONEOS_DEPLOYMENT_TARGET = 7.1;
				SDKROOT = iphoneos;
				TARGETED_DEVICE_FAMILY = "1,2";
				VALIDATE_PRODUCT = YES;
			};
			name = Release;
		};
		2D0223A219995BA1004E598D /* Debug */ = {
			isa = XCBuildConfiguration;
			buildSettings = {
				ASSETCATALOG_COMPILER_APPICON_NAME = AppIcon;
				ASSETCATALOG_COMPILER_LAUNCHIMAGE_NAME = LaunchImage;
				GCC_PRECOMPILE_PREFIX_HEADER = YES;
				GCC_PREFIX_HEADER = "ToDoList/ToDoList-Prefix.pch";
				INFOPLIST_FILE = "ToDoList/ToDoList-Info.plist";
				PRODUCT_NAME = "$(TARGET_NAME)";
				WRAPPER_EXTENSION = app;
			};
			name = Debug;
		};
		2D0223A319995BA1004E598D /* Release */ = {
			isa = XCBuildConfiguration;
			buildSettings = {
				ASSETCATALOG_COMPILER_APPICON_NAME = AppIcon;
				ASSETCATALOG_COMPILER_LAUNCHIMAGE_NAME = LaunchImage;
				GCC_PRECOMPILE_PREFIX_HEADER = YES;
				GCC_PREFIX_HEADER = "ToDoList/ToDoList-Prefix.pch";
				INFOPLIST_FILE = "ToDoList/ToDoList-Info.plist";
				PRODUCT_NAME = "$(TARGET_NAME)";
				WRAPPER_EXTENSION = app;
			};
			name = Release;
		};
		2D0223A519995BA1004E598D /* Debug */ = {
			isa = XCBuildConfiguration;
			buildSettings = {
				BUNDLE_LOADER = "$(BUILT_PRODUCTS_DIR)/ToDoList.app/ToDoList";
				FRAMEWORK_SEARCH_PATHS = (
					"$(SDKROOT)/Developer/Library/Frameworks",
					"$(inherited)",
					"$(DEVELOPER_FRAMEWORKS_DIR)",
				);
				GCC_PRECOMPILE_PREFIX_HEADER = YES;
				GCC_PREFIX_HEADER = "ToDoList/ToDoList-Prefix.pch";
				GCC_PREPROCESSOR_DEFINITIONS = (
					"DEBUG=1",
					"$(inherited)",
				);
				INFOPLIST_FILE = "ToDoListTests/ToDoListTests-Info.plist";
				PRODUCT_NAME = "$(TARGET_NAME)";
				TEST_HOST = "$(BUNDLE_LOADER)";
				WRAPPER_EXTENSION = xctest;
			};
			name = Debug;
		};
		2D0223A619995BA1004E598D /* Release */ = {
			isa = XCBuildConfiguration;
			buildSettings = {
				BUNDLE_LOADER = "$(BUILT_PRODUCTS_DIR)/ToDoList.app/ToDoList";
				FRAMEWORK_SEARCH_PATHS = (
					"$(SDKROOT)/Developer/Library/Frameworks",
					"$(inherited)",
					"$(DEVELOPER_FRAMEWORKS_DIR)",
				);
				GCC_PRECOMPILE_PREFIX_HEADER = YES;
				GCC_PREFIX_HEADER = "ToDoList/ToDoList-Prefix.pch";
				INFOPLIST_FILE = "ToDoListTests/ToDoListTests-Info.plist";
				PRODUCT_NAME = "$(TARGET_NAME)";
				TEST_HOST = "$(BUNDLE_LOADER)";
				WRAPPER_EXTENSION = xctest;
			};
			name = Release;
		};
/* End XCBuildConfiguration section */

/* Begin XCConfigurationList section */
		2D02236719995BA1004E598D /* Build configuration list for PBXProject "ToDoList" */ = {
			isa = XCConfigurationList;
			buildConfigurations = (
				2D02239F19995BA1004E598D /* Debug */,
				2D0223A019995BA1004E598D /* Release */,
			);
			defaultConfigurationIsVisible = 0;
			defaultConfigurationName = Release;
		};
		2D0223A119995BA1004E598D /* Build configuration list for PBXNativeTarget "ToDoList" */ = {
			isa = XCConfigurationList;
			buildConfigurations = (
				2D0223A219995BA1004E598D /* Debug */,
				2D0223A319995BA1004E598D /* Release */,
			);
			defaultConfigurationIsVisible = 0;
		};
		2D0223A419995BA1004E598D /* Build configuration list for PBXNativeTarget "ToDoListTests" */ = {
			isa = XCConfigurationList;
			buildConfigurations = (
				2D0223A519995BA1004E598D /* Debug */,
				2D0223A619995BA1004E598D /* Release */,
			);
			defaultConfigurationIsVisible = 0;
		};
/* End XCConfigurationList section */
	};
	rootObject = 2D02236419995BA1004E598D /* Project object */;
}
